
Microsoft Visual Studio Solution File, Format Version 12.00
# Visual Studio Version 17
VisualStudioVersion = 17.5.33414.496
MinimumVisualStudioVersion = 10.0.40219.1
Project("{FAE04EC0-301F-11D3-BF4B-00C04F79EFBC}") = "Library Management", "Library Management\Library Management.csproj", "{CD1F8817-7279-4B16-8C78-1F70ADD7EF91}"
EndProject
Project("{2150E333-8FDC-42A3-9474-1A3956D46DE8}") = "Solution Items", "Solution Items", "{BF243D5B-6045-472B-801F-E67E5C53050D}"
EndProject
Global
	GlobalSection(SolutionConfigurationPlatforms) = preSolution
		Debug|Any CPU = Debug|Any CPU
		Release|Any CPU = Release|Any CPU
	EndGlobalSection
	GlobalSection(ProjectConfigurationPlatforms) = postSolution
		{CD1F8817-7279-4B16-8C78-1F70ADD7EF91}.Debug|Any CPU.ActiveCfg = Debug|Any CPU
		{CD1F8817-7279-4B16-8C78-1F70ADD7EF91}.Debug|Any CPU.Build.0 = Debug|Any CPU
		{CD1F8817-7279-4B16-8C78-1F70ADD7EF91}.Release|Any CPU.ActiveCfg = Release|Any CPU
		{CD1F8817-7279-4B16-8C78-1F70ADD7EF91}.Release|Any CPU.Build.0 = Release|Any CPU
	EndGlobalSection
	GlobalSection(SolutionProperties) = preSolution
		HideSolutionNode = FALSE
	EndGlobalSection
	GlobalSection(ExtensibilityGlobals) = postSolution
		SolutionGuid = {777D8A51-9900-4530-9782-07AB80FB44ED}
	EndGlobalSection
EndGlobal
